{
  "name": "lamdera-starter",
  "lockfileVersion": 3,
  "requires": true,
  "packages": {
    "": {
      "name": "lamdera-starter",
      "devDependencies": {
        "elm-test-rs": "3.0.2-0"
      }
    },
    "node_modules/@mattpiz/elm-test-rs-darwin-arm64": {
      "version": "3.0.2-0",
      "resolved": "https://registry.npmjs.org/@mattpiz/elm-test-rs-darwin-arm64/-/elm-test-rs-darwin-arm64-3.0.2-0.tgz",
      "integrity": "sha512-Gb1f4L09fxF1QfpatoGc41+dfepfzZn7K1eVLU9Zh/ft15vivTg3Snk611dYDo8PdEm+dZ9Xf8GkqX3NTz4BzA==",
      "cpu": [
        "arm64"
      ],
      "dev": true,
      "license": "BSD-3-Clause",
      "optional": true,
      "os": [
        "darwin"
      ]
    },
    "node_modules/@mattpiz/elm-test-rs-darwin-x64": {
      "version": "3.0.2-0",
      "resolved": "https://registry.npmjs.org/@mattpiz/elm-test-rs-darwin-x64/-/elm-test-rs-darwin-x64-3.0.2-0.tgz",
      "integrity": "sha512-ly9pcE0sthEeLigkDdzspKEKxVxLNRN7NaDhlV3zs8beKC+AJmFz5AtGIeDIQ8hfNK6QR0xRQxgevlOTYiWbOA==",
      "cpu": [
        "x64"
      ],
      "dev": true,
      "license": "BSD-3-Clause",
      "optional": true,
      "os": [
        "darwin"
      ]
    },
    "node_modules/@mattpiz/elm-test-rs-linux-arm": {
      "version": "3.0.2-0",
      "resolved": "https://registry.npmjs.org/@mattpiz/elm-test-rs-linux-arm/-/elm-test-rs-linux-arm-3.0.2-0.tgz",
      "integrity": "sha512-DRjK3rsO0rb0AuCMUcLkuuSJuxpBaMobrAyH5av8MrpPh7cwjZ3RhXzCCeweuhfizH1OP/idBeVlmN8hiqA2BQ==",
      "cpu": [
        "arm"
      ],
      "dev": true,
      "license": "BSD-3-Clause",
      "optional": true,
      "os": [
        "linux"
      ]
    },
    "node_modules/@mattpiz/elm-test-rs-linux-arm64": {
      "version": "3.0.2-0",
      "resolved": "https://registry.npmjs.org/@mattpiz/elm-test-rs-linux-arm64/-/elm-test-rs-linux-arm64-3.0.2-0.tgz",
      "integrity": "sha512-SpZjVmeAlBSc46Ku3RefFK4LDwsfmVgPerhFgana95dzaTYoruHNrMWUpqU9MT6FOnbJXiJQHZrI+y4VjJ5lJA==",
      "cpu": [
        "arm64"
      ],
      "dev": true,
      "license": "BSD-3-Clause",
      "optional": true,
      "os": [
        "linux"
      ]
    },
    "node_modules/@mattpiz/elm-test-rs-linux-x64": {
      "version": "3.0.2-0",
      "resolved": "https://registry.npmjs.org/@mattpiz/elm-test-rs-linux-x64/-/elm-test-rs-linux-x64-3.0.2-0.tgz",
      "integrity": "sha512-Ia8kayW/Aag6tEwJOEV5ZIr49KHekDYZjB/oItyYScySlRxII+VppVYmh47o6xlTz9ZO845UkEyngUMZc25Lkg==",
      "cpu": [
        "x64"
      ],
      "dev": true,
      "license": "BSD-3-Clause",
      "optional": true,
      "os": [
        "linux"
      ]
    },
    "node_modules/@mattpiz/elm-test-rs-win32-x64": {
      "version": "3.0.2-0",
      "resolved": "https://registry.npmjs.org/@mattpiz/elm-test-rs-win32-x64/-/elm-test-rs-win32-x64-3.0.2-0.tgz",
      "integrity": "sha512-cxPybYCU0wXmhpc2eFTmxEvffWdXpUILlC+YnB4XG3ddTnMOIUGe6C2rK9DfT3o+9fmeq/OlroKcG5I4/cMxsQ==",
      "cpu": [
        "x64"
      ],
      "dev": true,
      "license": "BSD-3-Clause",
      "optional": true,
      "os": [
        "win32"
      ]
    },
    "node_modules/elm-test-rs": {
      "version": "3.0.2-0",
      "resolved": "https://registry.npmjs.org/elm-test-rs/-/elm-test-rs-3.0.2-0.tgz",
      "integrity": "sha512-Rzk3PD4unWvuzdzYthUoMjFELL78oRHeYTXpF8KDp/fyHLbb+vxOzmDXHRt51ogvfKSTyiK8y0xa4F+q7lzyfQ==",
      "dev": true,
      "hasInstallScript": true,
      "license": "BSD-3-Clause",
      "bin": {
        "elm-test-rs": "elm-test-rs.js"
      },
      "optionalDependencies": {
        "@mattpiz/elm-test-rs-darwin-arm64": "3.0.2-0",
        "@mattpiz/elm-test-rs-darwin-x64": "3.0.2-0",
        "@mattpiz/elm-test-rs-linux-arm": "3.0.2-0",
        "@mattpiz/elm-test-rs-linux-arm64": "3.0.2-0",
        "@mattpiz/elm-test-rs-linux-x64": "3.0.2-0",
        "@mattpiz/elm-test-rs-win32-x64": "3.0.2-0"
      }
    }
  }
}
